schema: '2.0'
stages:
  make_dataset:
    cmd: python src/data/make_dataset.py data/raw/creditcard.csv
    deps:
    - path: data/raw/creditcard.csv
      hash: md5
      md5: e90efcb83d69faf99fcab8b0255024de
      size: 150828752
    - path: src/data/make_dataset.py
      hash: md5
      md5: 4b479f19f170b3684b6d62f4692e4026
      size: 1167
    params:
      params.yaml:
        make_dataset.seed: 2023
        make_dataset.test_split: 0.1
    outs:
    - path: data/processed
      hash: md5
      md5: 10fc15abf8d7371565c71fccd96caf24.dir
      size: 151102527
      nfiles: 2
  train_model:
    cmd: python src/models/train_model.py data/processed
    deps:
    - path: data/processed
      hash: md5
      md5: 10fc15abf8d7371565c71fccd96caf24.dir
      size: 151102527
      nfiles: 2
    - path: src/models/train_model.py
      hash: md5
      md5: 1adabc1b9f38ea5e494a54ce0082ea45
      size: 1269
    params:
      params.yaml:
        train_model.max_depth: 6
        train_model.n_estimators: 8
        train_model.seed: 2000
    outs:
    - path: models/model.joblib
      hash: md5
      md5: 60af215db13401592465988e1014d3d5
      size: 44073
  visualize:
    cmd: python src/visualization/visualize.py data/processed
    deps:
    - path: data/processed
      hash: md5
      md5: 10fc15abf8d7371565c71fccd96caf24.dir
      size: 151102527
      nfiles: 2
    - path: models/model.joblib
      hash: md5
      md5: 60af215db13401592465988e1014d3d5
      size: 44073
    - path: src/visualization/visualize.py
      hash: md5
      md5: 536c0375a7d4c2174445aad837348568
      size: 2626
